{
  "name": "maester-demo",
  "lockfileVersion": 3,
  "requires": true,
  "packages": {
    "": {
      "dependencies": {
        "playwright-chromium": "^1.58.0"
      }
    },
    "node_modules/playwright-chromium": {
      "version": "1.58.0",
      "resolved": "https://registry.npmjs.org/playwright-chromium/-/playwright-chromium-1.58.0.tgz",
      "integrity": "sha512-oJKFmkeQTxV7DiSv1HiTru5srYCh3hGt+1ctyi0eCOkCJZnDf5p6aSWoGtH6od4rjO4zJ3IVrK1C6HJQeha6VQ==",
      "hasInstallScript": true,
      "license": "Apache-2.0",
      "dependencies": {
        "playwright-core": "1.58.0"
      },
      "bin": {
        "playwright": "cli.js"
      },
      "engines": {
        "node": ">=18"
      }
    },
    "node_modules/playwright-core": {
      "version": "1.58.0",
      "resolved": "https://registry.npmjs.org/playwright-core/-/playwright-core-1.58.0.tgz",
      "integrity": "sha512-aaoB1RWrdNi3//rOeKuMiS65UCcgOVljU46At6eFcOFPFHWtd2weHRRow6z/n+Lec0Lvu0k9ZPKJSjPugikirw==",
      "license": "Apache-2.0",
      "bin": {
        "playwright-core": "cli.js"
      },
      "engines": {
        "node": ">=18"
      }
    }
  }
}
